
Microsoft Visual Studio Solution File, Format Version 12.00
# Visual Studio 15
VisualStudioVersion = 15.0.26403.0
MinimumVisualStudioVersion = 10.0.40219.1
Project("{FAE04EC0-301F-11D3-BF4B-00C04F79EFBC}") = "2012122650_CON", "2012122650_CON\2012122650_CON.csproj", "{6EF02B8E-331F-4D3C-B8E1-64C30395E749}"
EndProject
Project("{FAE04EC0-301F-11D3-BF4B-00C04F79EFBC}") = "2012122650_ENT", "2012122650_ENT\2012122650_ENT.csproj", "{627B4EB6-E599-48B9-954C-3DAC72A00012}"
EndProject
Project("{FAE04EC0-301F-11D3-BF4B-00C04F79EFBC}") = "2012122650_PER", "2012122650_PER\2012122650_PER.csproj", "{5C4C906E-0454-4146-86E2-C2C7EEE95975}"
EndProject
Project("{FAE04EC0-301F-11D3-BF4B-00C04F79EFBC}") = "2012122650-MVC", "2012122650-MVC\2012122650-MVC.csproj", "{6CEFBD6B-E16F-4627-A93B-7592AEDE8A15}"
EndProject
Global
	GlobalSection(SolutionConfigurationPlatforms) = preSolution
		Debug|Any CPU = Debug|Any CPU
		Release|Any CPU = Release|Any CPU
	EndGlobalSection
	GlobalSection(ProjectConfigurationPlatforms) = postSolution
		{6EF02B8E-331F-4D3C-B8E1-64C30395E749}.Debug|Any CPU.ActiveCfg = Debug|Any CPU
		{6EF02B8E-331F-4D3C-B8E1-64C30395E749}.Debug|Any CPU.Build.0 = Debug|Any CPU
		{6EF02B8E-331F-4D3C-B8E1-64C30395E749}.Release|Any CPU.ActiveCfg = Release|Any CPU
		{6EF02B8E-331F-4D3C-B8E1-64C30395E749}.Release|Any CPU.Build.0 = Release|Any CPU
		{627B4EB6-E599-48B9-954C-3DAC72A00012}.Debug|Any CPU.ActiveCfg = Debug|Any CPU
		{627B4EB6-E599-48B9-954C-3DAC72A00012}.Debug|Any CPU.Build.0 = Debug|Any CPU
		{627B4EB6-E599-48B9-954C-3DAC72A00012}.Release|Any CPU.ActiveCfg = Release|Any CPU
		{627B4EB6-E599-48B9-954C-3DAC72A00012}.Release|Any CPU.Build.0 = Release|Any CPU
		{5C4C906E-0454-4146-86E2-C2C7EEE95975}.Debug|Any CPU.ActiveCfg = Debug|Any CPU
		{5C4C906E-0454-4146-86E2-C2C7EEE95975}.Debug|Any CPU.Build.0 = Debug|Any CPU
		{5C4C906E-0454-4146-86E2-C2C7EEE95975}.Release|Any CPU.ActiveCfg = Release|Any CPU
		{5C4C906E-0454-4146-86E2-C2C7EEE95975}.Release|Any CPU.Build.0 = Release|Any CPU
		{6CEFBD6B-E16F-4627-A93B-7592AEDE8A15}.Debug|Any CPU.ActiveCfg = Debug|Any CPU
		{6CEFBD6B-E16F-4627-A93B-7592AEDE8A15}.Debug|Any CPU.Build.0 = Debug|Any CPU
		{6CEFBD6B-E16F-4627-A93B-7592AEDE8A15}.Release|Any CPU.ActiveCfg = Release|Any CPU
		{6CEFBD6B-E16F-4627-A93B-7592AEDE8A15}.Release|Any CPU.Build.0 = Release|Any CPU
	EndGlobalSection
	GlobalSection(SolutionProperties) = preSolution
		HideSolutionNode = FALSE
	EndGlobalSection
EndGlobal
